
Microsoft Visual Studio Solution File, Format Version 12.00
# Visual Studio 15
VisualStudioVersion = 15.0.28307.539
MinimumVisualStudioVersion = 10.0.40219.1
Project("{FAE04EC0-301F-11D3-BF4B-00C04F79EFBC}") = "frontendApp", "frontendApp\frontendApp.csproj", "{C977E1A9-7EC9-4D0B-A6D9-C6269B145BEF}"
EndProject
Global
	GlobalSection(SolutionConfigurationPlatforms) = preSolution
		Debug|Any CPU = Debug|Any CPU
		Release|Any CPU = Release|Any CPU
	EndGlobalSection
	GlobalSection(ProjectConfigurationPlatforms) = postSolution
		{C977E1A9-7EC9-4D0B-A6D9-C6269B145BEF}.Debug|Any CPU.ActiveCfg = Debug|Any CPU
		{C977E1A9-7EC9-4D0B-A6D9-C6269B145BEF}.Debug|Any CPU.Build.0 = Debug|Any CPU
		{C977E1A9-7EC9-4D0B-A6D9-C6269B145BEF}.Release|Any CPU.ActiveCfg = Release|Any CPU
		{C977E1A9-7EC9-4D0B-A6D9-C6269B145BEF}.Release|Any CPU.Build.0 = Release|Any CPU
	EndGlobalSection
	GlobalSection(SolutionProperties) = preSolution
		HideSolutionNode = FALSE
	EndGlobalSection
	GlobalSection(ExtensibilityGlobals) = postSolution
		SolutionGuid = {C07167C1-0473-4F4A-82C6-7378D820A50C}
	EndGlobalSection
EndGlobal
